
Microsoft Visual Studio Solution File, Format Version 12.00
# Visual Studio 15
VisualStudioVersion = 15.0.28307.489
MinimumVisualStudioVersion = 10.0.40219.1
Project("{FAE04EC0-301F-11D3-BF4B-00C04F79EFBC}") = "IoTMonitor", "IoTMonitor\IoTMonitor.csproj", "{058A6E11-5E36-48D4-B5EC-B8897AE58989}"
EndProject
Project("{FAE04EC0-301F-11D3-BF4B-00C04F79EFBC}") = "IoTMonitor.Tests", "IoTMonitor.Tests\IoTMonitor.Tests.csproj", "{A60BE4FD-15FD-4111-982B-CA5DC4E25DC6}"
EndProject
Global
	GlobalSection(SolutionConfigurationPlatforms) = preSolution
		Debug|Any CPU = Debug|Any CPU
		Release|Any CPU = Release|Any CPU
	EndGlobalSection
	GlobalSection(ProjectConfigurationPlatforms) = postSolution
		{058A6E11-5E36-48D4-B5EC-B8897AE58989}.Debug|Any CPU.ActiveCfg = Debug|Any CPU
		{058A6E11-5E36-48D4-B5EC-B8897AE58989}.Debug|Any CPU.Build.0 = Debug|Any CPU
		{058A6E11-5E36-48D4-B5EC-B8897AE58989}.Release|Any CPU.ActiveCfg = Release|Any CPU
		{058A6E11-5E36-48D4-B5EC-B8897AE58989}.Release|Any CPU.Build.0 = Release|Any CPU
		{A60BE4FD-15FD-4111-982B-CA5DC4E25DC6}.Debug|Any CPU.ActiveCfg = Debug|Any CPU
		{A60BE4FD-15FD-4111-982B-CA5DC4E25DC6}.Debug|Any CPU.Build.0 = Debug|Any CPU
		{A60BE4FD-15FD-4111-982B-CA5DC4E25DC6}.Release|Any CPU.ActiveCfg = Release|Any CPU
		{A60BE4FD-15FD-4111-982B-CA5DC4E25DC6}.Release|Any CPU.Build.0 = Release|Any CPU
	EndGlobalSection
	GlobalSection(SolutionProperties) = preSolution
		HideSolutionNode = FALSE
	EndGlobalSection
	GlobalSection(ExtensibilityGlobals) = postSolution
		SolutionGuid = {F07B4071-C892-498C-894C-8F1460B45FE8}
	EndGlobalSection
EndGlobal
